<?xml version="1.0" encoding="utf-8"?>
<Project ToolsVersion="4.0" xmlns="http://schemas.microsoft.com/developer/msbuild/2003">
  <ItemGroup>
    <Filter Include="Source Files">
      <UniqueIdentifier>{4FC737F1-C7A5-4376-A066-2A32D752A2FF}</UniqueIdentifier>
      <Extensions>cpp;c;cc;cxx;def;odl;idl;hpj;bat;asm;asmx</Extensions>
    </Filter>
    <Filter Include="Resource Files">
      <UniqueIdentifier>{67DA6AB6-F800-4c08-8B7A-83BB121AAD01}</UniqueIdentifier>
      <Extensions>rc;ico;cur;bmp;dlg;rc2;rct;bin;rgs;gif;jpg;jpeg;jpe;resx;tiff;tif;png;wav;mfcribbon-ms</Extensions>
    </Filter>
    <Filter Include="Header Files">
      <UniqueIdentifier>{93995380-89BD-4b04-88EB-625FBE52EBFB}</UniqueIdentifier>
      <Extensions>h;hh;hpp;hxx;hm;inl;inc;xsd</Extensions>
    </Filter>
    <Filter Include="Managers">
      <UniqueIdentifier>{40b3621f-762a-4b00-b1ed-98d4f56cac78}</UniqueIdentifier>
    </Filter>
    <Filter Include="Components">
      <UniqueIdentifier>{f5f953bc-31da-48fe-8c84-3569fd769aac}</UniqueIdentifier>
    </Filter>
    <Filter Include="Command">
      <UniqueIdentifier>{ff55086c-2717-496a-91c4-dca99b6e1ede}</UniqueIdentifier>
    </Filter>
    <Filter Include="imgui">
      <UniqueIdentifier>{fcbb22c8-6e9d-4707-b38d-b493355d0fd5}</UniqueIdentifier>
    </Filter>
    <Filter Include="Components\RenderComponent">
      <UniqueIdentifier>{8e3d6552-81c0-4306-b422-a6b9f2fc71f5}</UniqueIdentifier>
    </Filter>
    <Filter Include="Util">
      <UniqueIdentifier>{b10700dc-bdf1-442a-9d44-007dfc5bbc8a}</UniqueIdentifier>
    </Filter>
    <Filter Include="Observer">
      <UniqueIdentifier>{21195a25-e62d-46f5-871c-b3ea648be415}</UniqueIdentifier>
    </Filter>
    <Filter Include="TMP_QBert">
      <UniqueIdentifier>{2197cd21-5919-48c8-8f8a-12215fd5b91d}</UniqueIdentifier>
    </Filter>
  </ItemGroup>
  <ItemGroup>
    <ClInclude Include="MiniginPCH.h">
      <Filter>Header Files</Filter>
    </ClInclude>
    <ClInclude Include="Minigin.h">
      <Filter>Header Files</Filter>
    </ClInclude>
    <ClInclude Include="InputManager.h">
      <Filter>Managers</Filter>
    </ClInclude>
    <ClInclude Include="ResourceManager.h">
      <Filter>Managers</Filter>
    </ClInclude>
    <ClInclude Include="SceneManager.h">
      <Filter>Managers</Filter>
    </ClInclude>
    <ClInclude Include="Singleton.h">
      <Filter>Managers</Filter>
    </ClInclude>
    <ClInclude Include="Time.h">
      <Filter>Managers</Filter>
    </ClInclude>
    <ClInclude Include="Component.h">
      <Filter>Components</Filter>
    </ClInclude>
    <ClInclude Include="TransformComponent.h">
      <Filter>Components</Filter>
    </ClInclude>
    <ClInclude Include="FPSComponent.h">
      <Filter>Components</Filter>
    </ClInclude>
    <ClInclude Include="..\3rdParty\imgui-1.81\imconfig.h">
      <Filter>imgui</Filter>
    </ClInclude>
    <ClInclude Include="..\3rdParty\imgui-1.81\imgui.h">
      <Filter>imgui</Filter>
    </ClInclude>
    <ClInclude Include="..\3rdParty\imgui-1.81\imgui_internal.h">
      <Filter>imgui</Filter>
    </ClInclude>
    <ClInclude Include="..\3rdParty\imgui-1.81\imstb_rectpack.h">
      <Filter>imgui</Filter>
    </ClInclude>
    <ClInclude Include="..\3rdParty\imgui-1.81\imstb_textedit.h">
      <Filter>imgui</Filter>
    </ClInclude>
    <ClInclude Include="..\3rdParty\imgui-1.81\imstb_truetype.h">
      <Filter>imgui</Filter>
    </ClInclude>
    <ClInclude Include="..\3rdParty\imgui-1.81\backends\imgui_impl_opengl2.h">
      <Filter>imgui</Filter>
    </ClInclude>
    <ClInclude Include="..\3rdParty\imgui-1.81\backends\imgui_impl_sdl.h">
      <Filter>imgui</Filter>
    </ClInclude>
    <ClInclude Include="Command.h">
      <Filter>Command</Filter>
    </ClInclude>
    <ClInclude Include="Renderer.h">
      <Filter>Managers</Filter>
    </ClInclude>
    <ClInclude Include="RenderComponent.h">
      <Filter>Components\RenderComponent</Filter>
    </ClInclude>
    <ClInclude Include="TextComponent.h">
      <Filter>Components</Filter>
    </ClInclude>
    <ClInclude Include="TextureComponent.h">
      <Filter>Components\RenderComponent</Filter>
    </ClInclude>
    <ClInclude Include="Font.h">
      <Filter>Util</Filter>
    </ClInclude>
    <ClInclude Include="Scene.h">
      <Filter>Util</Filter>
    </ClInclude>
    <ClInclude Include="Texture2D.h">
      <Filter>Util</Filter>
    </ClInclude>
    <ClInclude Include="GameObject.h">
      <Filter>Util</Filter>
    </ClInclude>
    <ClInclude Include="Observer.h">
      <Filter>Observer</Filter>
    </ClInclude>
    <ClInclude Include="Subject.h">
      <Filter>Observer</Filter>
    </ClInclude>
    <ClInclude Include="GameModeMenuComponent.h">
      <Filter>TMP_QBert</Filter>
    </ClInclude>
    <ClInclude Include="HealthComponent.h">
      <Filter>TMP_QBert</Filter>
    </ClInclude>
    <ClInclude Include="LivesComponent.h">
      <Filter>TMP_QBert</Filter>
    </ClInclude>
    <ClInclude Include="KillCommand.h">
      <Filter>TMP_QBert</Filter>
    </ClInclude>
    <ClInclude Include="TextureLineComponent.h">
      <Filter>TMP_QBert</Filter>
    </ClInclude>
    <ClInclude Include="ScoreComponent.h">
      <Filter>TMP_QBert</Filter>
    </ClInclude>
    <ClInclude Include="Event.h">
      <Filter>Header Files</Filter>
    </ClInclude>
    <ClInclude Include="ScoreEvent.h">
      <Filter>Header Files</Filter>
    </ClInclude>
  </ItemGroup>
  <ItemGroup>
    <ClCompile Include="MiniginPCH.cpp">
      <Filter>Source Files</Filter>
    </ClCompile>
    <ClCompile Include="Main.cpp">
      <Filter>Source Files</Filter>
    </ClCompile>
    <ClCompile Include="Minigin.cpp">
      <Filter>Source Files</Filter>
    </ClCompile>
    <ClCompile Include="InputManager.cpp">
      <Filter>Managers</Filter>
    </ClCompile>
    <ClCompile Include="ResourceManager.cpp">
      <Filter>Managers</Filter>
    </ClCompile>
    <ClCompile Include="SceneManager.cpp">
      <Filter>Managers</Filter>
    </ClCompile>
    <ClCompile Include="Time.cpp">
      <Filter>Managers</Filter>
    </ClCompile>
    <ClCompile Include="Component.cpp">
      <Filter>Components</Filter>
    </ClCompile>
    <ClCompile Include="TransformComponent.cpp">
      <Filter>Components</Filter>
    </ClCompile>
    <ClCompile Include="FPSComponent.cpp">
      <Filter>Components</Filter>
    </ClCompile>
    <ClCompile Include="..\3rdParty\imgui-1.81\imgui.cpp">
      <Filter>imgui</Filter>
    </ClCompile>
    <ClCompile Include="..\3rdParty\imgui-1.81\imgui_demo.cpp">
      <Filter>imgui</Filter>
    </ClCompile>
    <ClCompile Include="..\3rdParty\imgui-1.81\imgui_draw.cpp">
      <Filter>imgui</Filter>
    </ClCompile>
    <ClCompile Include="..\3rdParty\imgui-1.81\imgui_tables.cpp">
      <Filter>imgui</Filter>
    </ClCompile>
    <ClCompile Include="..\3rdParty\imgui-1.81\imgui_widgets.cpp">
      <Filter>imgui</Filter>
    </ClCompile>
    <ClCompile Include="..\3rdParty\imgui-1.81\backends\imgui_impl_opengl2.cpp">
      <Filter>imgui</Filter>
    </ClCompile>
    <ClCompile Include="..\3rdParty\imgui-1.81\backends\imgui_impl_sdl.cpp">
      <Filter>imgui</Filter>
    </ClCompile>
    <ClCompile Include="Command.cpp">
      <Filter>Command</Filter>
    </ClCompile>
    <ClCompile Include="Renderer.cpp">
      <Filter>Managers</Filter>
    </ClCompile>
    <ClCompile Include="RenderComponent.cpp">
      <Filter>Components\RenderComponent</Filter>
    </ClCompile>
    <ClCompile Include="TextComponent.cpp">
      <Filter>Components</Filter>
    </ClCompile>
    <ClCompile Include="TextureComponent.cpp">
      <Filter>Components\RenderComponent</Filter>
    </ClCompile>
    <ClCompile Include="Font.cpp">
      <Filter>Util</Filter>
    </ClCompile>
    <ClCompile Include="Scene.cpp">
      <Filter>Util</Filter>
    </ClCompile>
    <ClCompile Include="Texture2D.cpp">
      <Filter>Util</Filter>
    </ClCompile>
    <ClCompile Include="GameObject.cpp">
      <Filter>Util</Filter>
    </ClCompile>
    <ClCompile Include="Observer.cpp">
      <Filter>Observer</Filter>
    </ClCompile>
    <ClCompile Include="Subject.cpp">
      <Filter>Observer</Filter>
    </ClCompile>
    <ClCompile Include="GameModeMenuComponent.cpp">
      <Filter>TMP_QBert</Filter>
    </ClCompile>
    <ClCompile Include="HealthComponent.cpp">
      <Filter>TMP_QBert</Filter>
    </ClCompile>
    <ClCompile Include="KillCommand.cpp">
      <Filter>TMP_QBert</Filter>
    </ClCompile>
    <ClCompile Include="LivesComponent.cpp">
      <Filter>TMP_QBert</Filter>
    </ClCompile>
    <ClCompile Include="ScoreComponent.cpp">
      <Filter>TMP_QBert</Filter>
    </ClCompile>
    <ClCompile Include="TextureLineComponent.cpp">
      <Filter>TMP_QBert</Filter>
    </ClCompile>
    <ClCompile Include="Event.cpp">
      <Filter>Source Files</Filter>
    </ClCompile>
    <ClCompile Include="ScoreEvent.cpp">
      <Filter>Source Files</Filter>
    </ClCompile>
  </ItemGroup>
</Project>